
Microsoft Visual Studio Solution File, Format Version 12.00
# Visual Studio Version 16
VisualStudioVersion = 16.0.30907.101
MinimumVisualStudioVersion = 10.0.40219.1
Project("{FAE04EC0-301F-11D3-BF4B-00C04F79EFBC}") = "PeliculasElasticBeanstalk", "PeliculasElasticBeanstalk\PeliculasElasticBeanstalk.csproj", "{1D474EC0-5F46-47B1-B9DD-3CD7F5EAA2AA}"
EndProject
Global
	GlobalSection(SolutionConfigurationPlatforms) = preSolution
		Debug|Any CPU = Debug|Any CPU
		Release|Any CPU = Release|Any CPU
	EndGlobalSection
	GlobalSection(ProjectConfigurationPlatforms) = postSolution
		{1D474EC0-5F46-47B1-B9DD-3CD7F5EAA2AA}.Debug|Any CPU.ActiveCfg = Debug|Any CPU
		{1D474EC0-5F46-47B1-B9DD-3CD7F5EAA2AA}.Debug|Any CPU.Build.0 = Debug|Any CPU
		{1D474EC0-5F46-47B1-B9DD-3CD7F5EAA2AA}.Release|Any CPU.ActiveCfg = Release|Any CPU
		{1D474EC0-5F46-47B1-B9DD-3CD7F5EAA2AA}.Release|Any CPU.Build.0 = Release|Any CPU
	EndGlobalSection
	GlobalSection(SolutionProperties) = preSolution
		HideSolutionNode = FALSE
	EndGlobalSection
	GlobalSection(ExtensibilityGlobals) = postSolution
		SolutionGuid = {947E4BD4-89F1-4AC5-84D3-7E518805B37C}
	EndGlobalSection
EndGlobal
